PODS:
  - Alamofire (4.8.2)
  - Logger (1.0.0):
    - Alamofire (~> 4.8.2)
  - SwiftLint (0.40.3)

DEPENDENCIES:
  - Logger (from `../`)
  - SwiftLint

SPEC REPOS:
  trunk:
    - Alamofire
    - SwiftLint

EXTERNAL SOURCES:
  Logger:
    :path: "../"

SPEC CHECKSUMS:
  Alamofire: ae5c501addb7afdbb13687d7f2f722c78734c2d3
  Logger: fbe7c679a03cbaa5c12883f69115c19d04c73d7d
  SwiftLint: dfd554ff0dff17288ee574814ccdd5cea85d76f7

PODFILE CHECKSUM: 596006de6395b4f92612cc5b6ab1852ec5619ad3

COCOAPODS: 1.9.3
